// !$*UTF8*$!
{
	archiveVersion = 1;
	classes = {
	};
	objectVersion = 55;
	objects = {

/* Begin PBXBuildFile section */
		362FD44B27CBB3EA000C0B56 /* Charts in Frameworks */ = {isa = PBXBuildFile; productRef = 362FD44A27CBB3EA000C0B56 /* Charts */; };
		362FD44D27CBF2EB000C0B56 /* DailyViewController.swift in Sources */ = {isa = PBXBuildFile; fileRef = 362FD44C27CBF2EB000C0B56 /* DailyViewController.swift */; };
		362FD45027CD3755000C0B56 /* screenshots.gif in Resources */ = {isa = PBXBuildFile; fileRef = 362FD44F27CD3755000C0B56 /* screenshots.gif */; };
		36947AC927CA708700222195 /* AppDelegate.swift in Sources */ = {isa = PBXBuildFile; fileRef = 36947AC827CA708700222195 /* AppDelegate.swift */; };
		36947ACB27CA708700222195 /* SceneDelegate.swift in Sources */ = {isa = PBXBuildFile; fileRef = 36947ACA27CA708700222195 /* SceneDelegate.swift */; };
		36947ACD27CA708700222195 /* ViewController.swift in Sources */ = {isa = PBXBuildFile; fileRef = 36947ACC27CA708700222195 /* ViewController.swift */; };
		36947AD027CA708700222195 /* Main.storyboard in Resources */ = {isa = PBXBuildFile; fileRef = 36947ACE27CA708700222195 /* Main.storyboard */; };
		36947AD227CA708C00222195 /* Assets.xcassets in Resources */ = {isa = PBXBuildFile; fileRef = 36947AD127CA708C00222195 /* Assets.xcassets */; };
		36947AD527CA708C00222195 /* LaunchScreen.storyboard in Resources */ = {isa = PBXBuildFile; fileRef = 36947AD327CA708C00222195 /* LaunchScreen.storyboard */; };
		36947ADD27CA719B00222195 /* FilterViewController.swift in Sources */ = {isa = PBXBuildFile; fileRef = 36947ADC27CA719B00222195 /* FilterViewController.swift */; };
		36947ADF27CA723900222195 /* APICaller.swift in Sources */ = {isa = PBXBuildFile; fileRef = 36947ADE27CA723900222195 /* APICaller.swift */; };
		36947AE127CA72A000222195 /* Models.swift in Sources */ = {isa = PBXBuildFile; fileRef = 36947AE027CA72A000222195 /* Models.swift */; };
		36947AE327CA96B200222195 /* DateFormatter+Extension.swift in Sources */ = {isa = PBXBuildFile; fileRef = 36947AE227CA96B200222195 /* DateFormatter+Extension.swift */; };
/* End PBXBuildFile section */

/* Begin PBXFileReference section */
		362FD44C27CBF2EB000C0B56 /* DailyViewController.swift */ = {isa = PBXFileReference; lastKnownFileType = sourcecode.swift; path = DailyViewController.swift; sourceTree = "<group>"; };
		362FD44F27CD3755000C0B56 /* screenshots.gif */ = {isa = PBXFileReference; lastKnownFileType = image.gif; path = screenshots.gif; sourceTree = "<group>"; };
		36947AC527CA708700222195 /* CovidTracker.app */ = {isa = PBXFileReference; explicitFileType = wrapper.application; includeInIndex = 0; path = CovidTracker.app; sourceTree = BUILT_PRODUCTS_DIR; };
		36947AC827CA708700222195 /* AppDelegate.swift */ = {isa = PBXFileReference; lastKnownFileType = sourcecode.swift; path = AppDelegate.swift; sourceTree = "<group>"; };
		36947ACA27CA708700222195 /* SceneDelegate.swift */ = {isa = PBXFileReference; lastKnownFileType = sourcecode.swift; path = SceneDelegate.swift; sourceTree = "<group>"; };
		36947ACC27CA708700222195 /* ViewController.swift */ = {isa = PBXFileReference; lastKnownFileType = sourcecode.swift; path = ViewController.swift; sourceTree = "<group>"; };
		36947ACF27CA708700222195 /* Base */ = {isa = PBXFileReference; lastKnownFileType = file.storyboard; name = Base; path = Base.lproj/Main.storyboard; sourceTree = "<group>"; };
		36947AD127CA708C00222195 /* Assets.xcassets */ = {isa = PBXFileReference; lastKnownFileType = folder.assetcatalog; path = Assets.xcassets; sourceTree = "<group>"; };
		36947AD427CA708C00222195 /* Base */ = {isa = PBXFileReference; lastKnownFileType = file.storyboard; name = Base; path = Base.lproj/LaunchScreen.storyboard; sourceTree = "<group>"; };
		36947AD627CA708C00222195 /* Info.plist */ = {isa = PBXFileReference; lastKnownFileType = text.plist.xml; path = Info.plist; sourceTree = "<group>"; };
		36947ADC27CA719B00222195 /* FilterViewController.swift */ = {isa = PBXFileReference; lastKnownFileType = sourcecode.swift; path = FilterViewController.swift; sourceTree = "<group>"; };
		36947ADE27CA723900222195 /* APICaller.swift */ = {isa = PBXFileReference; lastKnownFileType = sourcecode.swift; path = APICaller.swift; sourceTree = "<group>"; };
		36947AE027CA72A000222195 /* Models.swift */ = {isa = PBXFileReference; lastKnownFileType = sourcecode.swift; path = Models.swift; sourceTree = "<group>"; };
		36947AE227CA96B200222195 /* DateFormatter+Extension.swift */ = {isa = PBXFileReference; lastKnownFileType = sourcecode.swift; path = "DateFormatter+Extension.swift"; sourceTree = "<group>"; };
/* End PBXFileReference section */

/* Begin PBXFrameworksBuildPhase section */
		36947AC227CA708700222195 /* Frameworks */ = {
			isa = PBXFrameworksBuildPhase;
			buildActionMask = 2147483647;
			files = (
				362FD44B27CBB3EA000C0B56 /* Charts in Frameworks */,
			);
			runOnlyForDeploymentPostprocessing = 0;
		};
/* End PBXFrameworksBuildPhase section */

/* Begin PBXGroup section */
		362FD44E27CD3683000C0B56 /* Screenshots */ = {
			isa = PBXGroup;
			children = (
				362FD44F27CD3755000C0B56 /* screenshots.gif */,
			);
			path = Screenshots;
			sourceTree = "<group>";
		};
		36947ABC27CA708700222195 = {
			isa = PBXGroup;
			children = (
				362FD44E27CD3683000C0B56 /* Screenshots */,
				36947AC727CA708700222195 /* CovidTracker */,
				36947AC627CA708700222195 /* Products */,
			);
			sourceTree = "<group>";
		};
		36947AC627CA708700222195 /* Products */ = {
			isa = PBXGroup;
			children = (
				36947AC527CA708700222195 /* CovidTracker.app */,
			);
			name = Products;
			sourceTree = "<group>";
		};
		36947AC727CA708700222195 /* CovidTracker */ = {
			isa = PBXGroup;
			children = (
				36947AC827CA708700222195 /* AppDelegate.swift */,
				36947ACA27CA708700222195 /* SceneDelegate.swift */,
				36947ACC27CA708700222195 /* ViewController.swift */,
				36947ACE27CA708700222195 /* Main.storyboard */,
				36947AD127CA708C00222195 /* Assets.xcassets */,
				36947AD327CA708C00222195 /* LaunchScreen.storyboard */,
				36947AD627CA708C00222195 /* Info.plist */,
				36947ADC27CA719B00222195 /* FilterViewController.swift */,
				36947ADE27CA723900222195 /* APICaller.swift */,
				36947AE027CA72A000222195 /* Models.swift */,
				36947AE227CA96B200222195 /* DateFormatter+Extension.swift */,
				362FD44C27CBF2EB000C0B56 /* DailyViewController.swift */,
			);
			path = CovidTracker;
			sourceTree = "<group>";
		};
/* End PBXGroup section */

/* Begin PBXNativeTarget section */
		36947AC427CA708700222195 /* CovidTracker */ = {
			isa = PBXNativeTarget;
			buildConfigurationList = 36947AD927CA708C00222195 /* Build configuration list for PBXNativeTarget "CovidTracker" */;
			buildPhases = (
				36947AC127CA708700222195 /* Sources */,
				36947AC227CA708700222195 /* Frameworks */,
				36947AC327CA708700222195 /* Resources */,
			);
			buildRules = (
			);
			dependencies = (
			);
			name = CovidTracker;
			packageProductDependencies = (
				362FD44A27CBB3EA000C0B56 /* Charts */,
			);
			productName = CovidTracker;
			productReference = 36947AC527CA708700222195 /* CovidTracker.app */;
			productType = "com.apple.product-type.application";
		};
/* End PBXNativeTarget section */

/* Begin PBXProject section */
		36947ABD27CA708700222195 /* Project object */ = {
			isa = PBXProject;
			attributes = {
				BuildIndependentTargetsInParallel = 1;
				LastSwiftUpdateCheck = 1320;
				LastUpgradeCheck = 1320;
				TargetAttributes = {
					36947AC427CA708700222195 = {
						CreatedOnToolsVersion = 13.2.1;
					};
				};
			};
			buildConfigurationList = 36947AC027CA708700222195 /* Build configuration list for PBXProject "CovidTracker" */;
			compatibilityVersion = "Xcode 13.0";
			developmentRegion = en;
			hasScannedForEncodings = 0;
			knownRegions = (
				en,
				Base,
			);
			mainGroup = 36947ABC27CA708700222195;
			packageReferences = (
				362FD44927CBB3EA000C0B56 /* XCRemoteSwiftPackageReference "Charts" */,
			);
			productRefGroup = 36947AC627CA708700222195 /* Products */;
			projectDirPath = "";
			projectRoot = "";
			targets = (
				36947AC427CA708700222195 /* CovidTracker */,
			);
		};
/* End PBXProject section */

/* Begin PBXResourcesBuildPhase section */
		36947AC327CA708700222195 /* Resources */ = {
			isa = PBXResourcesBuildPhase;
			buildActionMask = 2147483647;
			files = (
				362FD45027CD3755000C0B56 /* screenshots.gif in Resources */,
				36947AD527CA708C00222195 /* LaunchScreen.storyboard in Resources */,
				36947AD227CA708C00222195 /* Assets.xcassets in Resources */,
				36947AD027CA708700222195 /* Main.storyboard in Resources */,
			);
			runOnlyForDeploymentPostprocessing = 0;
		};
/* End PBXResourcesBuildPhase section */

/* Begin PBXSourcesBuildPhase section */
		36947AC127CA708700222195 /* Sources */ = {
			isa = PBXSourcesBuildPhase;
			buildActionMask = 2147483647;
			files = (
				36947ACD27CA708700222195 /* ViewController.swift in Sources */,
				36947AC927CA708700222195 /* AppDelegate.swift in Sources */,
				36947ADD27CA719B00222195 /* FilterViewController.swift in Sources */,
				36947AE327CA96B200222195 /* DateFormatter+Extension.swift in Sources */,
				36947AE127CA72A000222195 /* Models.swift in Sources */,
				36947ADF27CA723900222195 /* APICaller.swift in Sources */,
				362FD44D27CBF2EB000C0B56 /* DailyViewController.swift in Sources */,
				36947ACB27CA708700222195 /* SceneDelegate.swift in Sources */,
			);
			runOnlyForDeploymentPostprocessing = 0;
		};
/* End PBXSourcesBuildPhase section */

/* Begin PBXVariantGroup section */
		36947ACE27CA708700222195 /* Main.storyboard */ = {
			isa = PBXVariantGroup;
			children = (
				36947ACF27CA708700222195 /* Base */,
			);
			name = Main.storyboard;
			sourceTree = "<group>";
		};
		36947AD327CA708C00222195 /* LaunchScreen.storyboard */ = {
			isa = PBXVariantGroup;
			children = (
				36947AD427CA708C00222195 /* Base */,
			);
			name = LaunchScreen.storyboard;
			sourceTree = "<group>";
		};
/* End PBXVariantGroup section */

/* Begin XCBuildConfiguration section */
		36947AD727CA708C00222195 /* Debug */ = {
			isa = XCBuildConfiguration;
			buildSettings = {
				ALWAYS_SEARCH_USER_PATHS = NO;
				CLANG_ANALYZER_NONNULL = YES;
				CLANG_ANALYZER_NUMBER_OBJECT_CONVERSION = YES_AGGRESSIVE;
				CLANG_CXX_LANGUAGE_STANDARD = "gnu++17";
				CLANG_CXX_LIBRARY = "libc++";
				CLANG_ENABLE_MODULES = YES;
				CLANG_ENABLE_OBJC_ARC = YES;
				CLANG_ENABLE_OBJC_WEAK = YES;
				CLANG_WARN_BLOCK_CAPTURE_AUTORELEASING = YES;
				CLANG_WARN_BOOL_CONVERSION = YES;
				CLANG_WARN_COMMA = YES;
				CLANG_WARN_CONSTANT_CONVERSION = YES;
				CLANG_WARN_DEPRECATED_OBJC_IMPLEMENTATIONS = YES;
				CLANG_WARN_DIRECT_OBJC_ISA_USAGE = YES_ERROR;
				CLANG_WARN_DOCUMENTATION_COMMENTS = YES;
				CLANG_WARN_EMPTY_BODY = YES;
				CLANG_WARN_ENUM_CONVERSION = YES;
				CLANG_WARN_INFINITE_RECURSION = YES;
				CLANG_WARN_INT_CONVERSION = YES;
				CLANG_WARN_NON_LITERAL_NULL_CONVERSION = YES;
				CLANG_WARN_OBJC_IMPLICIT_RETAIN_SELF = YES;
				CLANG_WARN_OBJC_LITERAL_CONVERSION = YES;
				CLANG_WARN_OBJC_ROOT_CLASS = YES_ERROR;
				CLANG_WARN_QUOTED_INCLUDE_IN_FRAMEWORK_HEADER = YES;
				CLANG_WARN_RANGE_LOOP_ANALYSIS = YES;
				CLANG_WARN_STRICT_PROTOTYPES = YES;
				CLANG_WARN_SUSPICIOUS_MOVE = YES;
				CLANG_WARN_UNGUARDED_AVAILABILITY = YES_AGGRESSIVE;
				CLANG_WARN_UNREACHABLE_CODE = YES;
				CLANG_WARN__DUPLICATE_METHOD_MATCH = YES;
				COPY_PHASE_STRIP = NO;
				DEBUG_INFORMATION_FORMAT = dwarf;
				ENABLE_STRICT_OBJC_MSGSEND = YES;
				ENABLE_TESTABILITY = YES;
				GCC_C_LANGUAGE_STANDARD = gnu11;
				GCC_DYNAMIC_NO_PIC = NO;
				GCC_NO_COMMON_BLOCKS = YES;
				GCC_OPTIMIZATION_LEVEL = 0;
				GCC_PREPROCESSOR_DEFINITIONS = (
					"DEBUG=1",
					"$(inherited)",
				);
				GCC_WARN_64_TO_32_BIT_CONVERSION = YES;
				GCC_WARN_ABOUT_RETURN_TYPE = YES_ERROR;
				GCC_WARN_UNDECLARED_SELECTOR = YES;
				GCC_WARN_UNINITIALIZED_AUTOS = YES_AGGRESSIVE;
				GCC_WARN_UNUSED_FUNCTION = YES;
				GCC_WARN_UNUSED_VARIABLE = YES;
				IPHONEOS_DEPLOYMENT_TARGET = 15.2;
				MTL_ENABLE_DEBUG_INFO = INCLUDE_SOURCE;
				MTL_FAST_MATH = YES;
				ONLY_ACTIVE_ARCH = YES;
				SDKROOT = iphoneos;
				SWIFT_ACTIVE_COMPILATION_CONDITIONS = DEBUG;
				SWIFT_OPTIMIZATION_LEVEL = "-Onone";
			};
			name = Debug;
		};
		36947AD827CA708C00222195 /* Release */ = {
			isa = XCBuildConfiguration;
			buildSettings = {
				ALWAYS_SEARCH_USER_PATHS = NO;
				CLANG_ANALYZER_NONNULL = YES;
				CLANG_ANALYZER_NUMBER_OBJECT_CONVERSION = YES_AGGRESSIVE;
				CLANG_CXX_LANGUAGE_STANDARD = "gnu++17";
				CLANG_CXX_LIBRARY = "libc++";
				CLANG_ENABLE_MODULES = YES;
				CLANG_ENABLE_OBJC_ARC = YES;
				CLANG_ENABLE_OBJC_WEAK = YES;
				CLANG_WARN_BLOCK_CAPTURE_AUTORELEASING = YES;
				CLANG_WARN_BOOL_CONVERSION = YES;
				CLANG_WARN_COMMA = YES;
				CLANG_WARN_CONSTANT_CONVERSION = YES;
				CLANG_WARN_DEPRECATED_OBJC_IMPLEMENTATIONS = YES;
				CLANG_WARN_DIRECT_OBJC_ISA_USAGE = YES_ERROR;
				CLANG_WARN_DOCUMENTATION_COMMENTS = YES;
				CLANG_WARN_EMPTY_BODY = YES;
				CLANG_WARN_ENUM_CONVERSION = YES;
				CLANG_WARN_INFINITE_RECURSION = YES;
				CLANG_WARN_INT_CONVERSION = YES;
				CLANG_WARN_NON_LITERAL_NULL_CONVERSION = YES;
				CLANG_WARN_OBJC_IMPLICIT_RETAIN_SELF = YES;
				CLANG_WARN_OBJC_LITERAL_CONVERSION = YES;
				CLANG_WARN_OBJC_ROOT_CLASS = YES_ERROR;
				CLANG_WARN_QUOTED_INCLUDE_IN_FRAMEWORK_HEADER = YES;
				CLANG_WARN_RANGE_LOOP_ANALYSIS = YES;
				CLANG_WARN_STRICT_PROTOTYPES = YES;
				CLANG_WARN_SUSPICIOUS_MOVE = YES;
				CLANG_WARN_UNGUARDED_AVAILABILITY = YES_AGGRESSIVE;
				CLANG_WARN_UNREACHABLE_CODE = YES;
				CLANG_WARN__DUPLICATE_METHOD_MATCH = YES;
				COPY_PHASE_STRIP = NO;
				DEBUG_INFORMATION_FORMAT = "dwarf-with-dsym";
				ENABLE_NS_ASSERTIONS = NO;
				ENABLE_STRICT_OBJC_MSGSEND = YES;
				GCC_C_LANGUAGE_STANDARD = gnu11;
				GCC_NO_COMMON_BLOCKS = YES;
				GCC_WARN_64_TO_32_BIT_CONVERSION = YES;
				GCC_WARN_ABOUT_RETURN_TYPE = YES_ERROR;
				GCC_WARN_UNDECLARED_SELECTOR = YES;
				GCC_WARN_UNINITIALIZED_AUTOS = YES_AGGRESSIVE;
				GCC_WARN_UNUSED_FUNCTION = YES;
				GCC_WARN_UNUSED_VARIABLE = YES;
				IPHONEOS_DEPLOYMENT_TARGET = 15.2;
				MTL_ENABLE_DEBUG_INFO = NO;
				MTL_FAST_MATH = YES;
				SDKROOT = iphoneos;
				SWIFT_COMPILATION_MODE = wholemodule;
				SWIFT_OPTIMIZATION_LEVEL = "-O";
				VALIDATE_PRODUCT = YES;
			};
			name = Release;
		};
		36947ADA27CA708C00222195 /* Debug */ = {
			isa = XCBuildConfiguration;
			buildSettings = {
				ASSETCATALOG_COMPILER_APPICON_NAME = AppIcon;
				ASSETCATALOG_COMPILER_GLOBAL_ACCENT_COLOR_NAME = AccentColor;
				CODE_SIGN_STYLE = Automatic;
				CURRENT_PROJECT_VERSION = 1;
				DEVELOPMENT_TEAM = CJ7JF497NG;
				GENERATE_INFOPLIST_FILE = YES;
				INFOPLIST_FILE = CovidTracker/Info.plist;
				INFOPLIST_KEY_UIApplicationSupportsIndirectInputEvents = YES;
				INFOPLIST_KEY_UILaunchStoryboardName = LaunchScreen;
				INFOPLIST_KEY_UIMainStoryboardFile = Main;
				INFOPLIST_KEY_UISupportedInterfaceOrientations_iPad = "UIInterfaceOrientationPortrait UIInterfaceOrientationPortraitUpsideDown UIInterfaceOrientationLandscapeLeft UIInterfaceOrientationLandscapeRight";
				INFOPLIST_KEY_UISupportedInterfaceOrientations_iPhone = "UIInterfaceOrientationPortrait UIInterfaceOrientationLandscapeLeft UIInterfaceOrientationLandscapeRight";
				LD_RUNPATH_SEARCH_PATHS = (
					"$(inherited)",
					"@executable_path/Frameworks",
				);
				MARKETING_VERSION = 1.0;
				PRODUCT_BUNDLE_IDENTIFIER = com.example.CovidTracker;
				PRODUCT_NAME = "$(TARGET_NAME)";
				SWIFT_EMIT_LOC_STRINGS = YES;
				SWIFT_VERSION = 5.0;
				TARGETED_DEVICE_FAMILY = "1,2";
			};
			name = Debug;
		};
		36947ADB27CA708C00222195 /* Release */ = {
			isa = XCBuildConfiguration;
			buildSettings = {
				ASSETCATALOG_COMPILER_APPICON_NAME = AppIcon;
				ASSETCATALOG_COMPILER_GLOBAL_ACCENT_COLOR_NAME = AccentColor;
				CODE_SIGN_STYLE = Automatic;
				CURRENT_PROJECT_VERSION = 1;
				DEVELOPMENT_TEAM = CJ7JF497NG;
				GENERATE_INFOPLIST_FILE = YES;
				INFOPLIST_FILE = CovidTracker/Info.plist;
				INFOPLIST_KEY_UIApplicationSupportsIndirectInputEvents = YES;
				INFOPLIST_KEY_UILaunchStoryboardName = LaunchScreen;
				INFOPLIST_KEY_UIMainStoryboardFile = Main;
				INFOPLIST_KEY_UISupportedInterfaceOrientations_iPad = "UIInterfaceOrientationPortrait UIInterfaceOrientationPortraitUpsideDown UIInterfaceOrientationLandscapeLeft UIInterfaceOrientationLandscapeRight";
				INFOPLIST_KEY_UISupportedInterfaceOrientations_iPhone = "UIInterfaceOrientationPortrait UIInterfaceOrientationLandscapeLeft UIInterfaceOrientationLandscapeRight";
				LD_RUNPATH_SEARCH_PATHS = (
					"$(inherited)",
					"@executable_path/Frameworks",
				);
				MARKETING_VERSION = 1.0;
				PRODUCT_BUNDLE_IDENTIFIER = com.example.CovidTracker;
				PRODUCT_NAME = "$(TARGET_NAME)";
				SWIFT_EMIT_LOC_STRINGS = YES;
				SWIFT_VERSION = 5.0;
				TARGETED_DEVICE_FAMILY = "1,2";
			};
			name = Release;
		};
/* End XCBuildConfiguration section */

/* Begin XCConfigurationList section */
		36947AC027CA708700222195 /* Build configuration list for PBXProject "CovidTracker" */ = {
			isa = XCConfigurationList;
			buildConfigurations = (
				36947AD727CA708C00222195 /* Debug */,
				36947AD827CA708C00222195 /* Release */,
			);
			defaultConfigurationIsVisible = 0;
			defaultConfigurationName = Release;
		};
		36947AD927CA708C00222195 /* Build configuration list for PBXNativeTarget "CovidTracker" */ = {
			isa = XCConfigurationList;
			buildConfigurations = (
				36947ADA27CA708C00222195 /* Debug */,
				36947ADB27CA708C00222195 /* Release */,
			);
			defaultConfigurationIsVisible = 0;
			defaultConfigurationName = Release;
		};
/* End XCConfigurationList section */

/* Begin XCRemoteSwiftPackageReference section */
		362FD44927CBB3EA000C0B56 /* XCRemoteSwiftPackageReference "Charts" */ = {
			isa = XCRemoteSwiftPackageReference;
			repositoryURL = "https://github.com/danielgindi/Charts";
			requirement = {
				kind = upToNextMajorVersion;
				minimumVersion = 3.0.0;
			};
		};
/* End XCRemoteSwiftPackageReference section */

/* Begin XCSwiftPackageProductDependency section */
		362FD44A27CBB3EA000C0B56 /* Charts */ = {
			isa = XCSwiftPackageProductDependency;
			package = 362FD44927CBB3EA000C0B56 /* XCRemoteSwiftPackageReference "Charts" */;
			productName = Charts;
		};
/* End XCSwiftPackageProductDependency section */
	};
	rootObject = 36947ABD27CA708700222195 /* Project object */;
}
